
Microsoft Visual Studio Solution File, Format Version 12.00
# Visual Studio Version 16
VisualStudioVersion = 16.0.30804.86
MinimumVisualStudioVersion = 10.0.40219.1
Project("{FAE04EC0-301F-11D3-BF4B-00C04F79EFBC}") = "exercise1", "exercise1.csproj", "{D09D8CBE-9E16-495F-A4AE-4840193F1E5A}"
EndProject
Global
	GlobalSection(SolutionConfigurationPlatforms) = preSolution
		Debug|Any CPU = Debug|Any CPU
		Release|Any CPU = Release|Any CPU
	EndGlobalSection
	GlobalSection(ProjectConfigurationPlatforms) = postSolution
		{D09D8CBE-9E16-495F-A4AE-4840193F1E5A}.Debug|Any CPU.ActiveCfg = Debug|Any CPU
		{D09D8CBE-9E16-495F-A4AE-4840193F1E5A}.Debug|Any CPU.Build.0 = Debug|Any CPU
		{D09D8CBE-9E16-495F-A4AE-4840193F1E5A}.Release|Any CPU.ActiveCfg = Release|Any CPU
		{D09D8CBE-9E16-495F-A4AE-4840193F1E5A}.Release|Any CPU.Build.0 = Release|Any CPU
	EndGlobalSection
	GlobalSection(SolutionProperties) = preSolution
		HideSolutionNode = FALSE
	EndGlobalSection
	GlobalSection(ExtensibilityGlobals) = postSolution
		SolutionGuid = {E5C5A0BD-C2E6-4513-9DEC-D33591796236}
	EndGlobalSection
EndGlobal
